
Microsoft Visual Studio Solution File, Format Version 12.00
# Visual Studio Version 16
VisualStudioVersion = 16.0.30907.101
MinimumVisualStudioVersion = 10.0.40219.1
Project("{FAE04EC0-301F-11D3-BF4B-00C04F79EFBC}") = "graphColoring", "graphColoring\graphColoring.csproj", "{016A6390-17A5-46F4-B161-81669318BFE4}"
EndProject
Global
	GlobalSection(SolutionConfigurationPlatforms) = preSolution
		Debug|Any CPU = Debug|Any CPU
		Release|Any CPU = Release|Any CPU
	EndGlobalSection
	GlobalSection(ProjectConfigurationPlatforms) = postSolution
		{016A6390-17A5-46F4-B161-81669318BFE4}.Debug|Any CPU.ActiveCfg = Debug|Any CPU
		{016A6390-17A5-46F4-B161-81669318BFE4}.Debug|Any CPU.Build.0 = Debug|Any CPU
		{016A6390-17A5-46F4-B161-81669318BFE4}.Release|Any CPU.ActiveCfg = Release|Any CPU
		{016A6390-17A5-46F4-B161-81669318BFE4}.Release|Any CPU.Build.0 = Release|Any CPU
	EndGlobalSection
	GlobalSection(SolutionProperties) = preSolution
		HideSolutionNode = FALSE
	EndGlobalSection
	GlobalSection(ExtensibilityGlobals) = postSolution
		SolutionGuid = {3C9C451E-56A2-4160-93D2-BBFFEF7E91DB}
	EndGlobalSection
EndGlobal
